<?xml version="1.0" encoding="utf-8"?>
<Project ToolsVersion="14.0" xmlns="http://schemas.microsoft.com/developer/msbuild/2003">
  <ItemGroup>
    <ClCompile Include="E:\Programs\eclipse\maiter\src\util\common.cc">
      <Filter>Source Files</Filter>
    </ClCompile>
    <ClCompile Include="E:\Programs\eclipse\maiter\src\util\file.cc">
      <Filter>Source Files</Filter>
    </ClCompile>
    <ClCompile Include="E:\Programs\eclipse\maiter\src\util\stringpiece.cc">
      <Filter>Source Files</Filter>
    </ClCompile>
    <ClCompile Include="E:\Programs\eclipse\maiter\src\util\timer.cc">
      <Filter>Source Files</Filter>
    </ClCompile>
    <ClCompile Include="E:\Programs\eclipse\maiter\src\util\static-initializers.cc">
      <Filter>Source Files</Filter>
    </ClCompile>
  </ItemGroup>
  <ItemGroup>
    <CustomBuild Include="E:\Programs\eclipse\maiter\src\util\CMakeLists.txt" />
  </ItemGroup>
  <ItemGroup>
    <Filter Include="Source Files">
      <UniqueIdentifier>{68F679B5-310E-3326-BC3D-29F44BECF5FC}</UniqueIdentifier>
    </Filter>
    <Filter Include="Header Files">
      <UniqueIdentifier>{7ddf6ee1-fcf6-4021-8a68-146b0ba38c74}</UniqueIdentifier>
    </Filter>
  </ItemGroup>
  <ItemGroup>
    <ClInclude Include="common.h">
      <Filter>Header Files</Filter>
    </ClInclude>
    <ClInclude Include="file.h">
      <Filter>Header Files</Filter>
    </ClInclude>
    <ClInclude Include="hash.h">
      <Filter>Header Files</Filter>
    </ClInclude>
    <ClInclude Include="marshal.hpp">
      <Filter>Header Files</Filter>
    </ClInclude>
    <ClInclude Include="marshalled_map.hpp">
      <Filter>Header Files</Filter>
    </ClInclude>
    <ClInclude Include="noncopyable.h">
      <Filter>Header Files</Filter>
    </ClInclude>
    <ClInclude Include="static-initializers.h">
      <Filter>Header Files</Filter>
    </ClInclude>
    <ClInclude Include="stringpiece.h">
      <Filter>Header Files</Filter>
    </ClInclude>
    <ClInclude Include="timer.h">
      <Filter>Header Files</Filter>
    </ClInclude>
    <ClInclude Include="tuple.h">
      <Filter>Header Files</Filter>
    </ClInclude>
  </ItemGroup>
</Project>