Microsoft Visual Studio Solution File, Format Version 12.00
# Visual Studio 14
VisualStudioVersion = 14.0.25420.1
MinimumVisualStudioVersion = 10.0.40219.1
Project("{8BC9CEB8-8B4A-11D0-8D11-00A0C91BC942}") = "ALL_BUILD", "ALL_BUILD.vcxproj", "{5264C8DD-BFC8-337A-A3CC-E7928B6D8F68}"
	ProjectSection(ProjectDependencies) = postProject
		{1E15B593-6149-3ED6-9310-CC8C8F0A8E40} = {1E15B593-6149-3ED6-9310-CC8C8F0A8E40}
		{9E41A94A-B13A-3C62-A06B-E8C813D916BD} = {9E41A94A-B13A-3C62-A06B-E8C813D916BD}
		{F64E92AB-25D2-314A-93C6-19E069B9694E} = {F64E92AB-25D2-314A-93C6-19E069B9694E}
		{A8606DC3-118F-3366-8862-C9AD720794AF} = {A8606DC3-118F-3366-8862-C9AD720794AF}
		{79F50E6D-7086-33C9-BAC4-569C20619D26} = {79F50E6D-7086-33C9-BAC4-569C20619D26}
		{7C207E2E-7DE6-3062-98F0-60CDD3F9A87C} = {7C207E2E-7DE6-3062-98F0-60CDD3F9A87C}
		{C53AD2F9-8D30-30D2-A272-5A3B5DABA963} = {C53AD2F9-8D30-30D2-A272-5A3B5DABA963}
		{ACBCAA79-14D1-3BF8-8857-E09F45B6855D} = {ACBCAA79-14D1-3BF8-8857-E09F45B6855D}
		{4717969F-47D4-3E7E-A1D1-03503DEF0835} = {4717969F-47D4-3E7E-A1D1-03503DEF0835}
		{624B8CD9-872C-31A8-B126-923431D1BF1B} = {624B8CD9-872C-31A8-B126-923431D1BF1B}
		{39F43292-D09C-3392-90F6-4FE0FFD56807} = {39F43292-D09C-3392-90F6-4FE0FFD56807}
		{A1DB0B77-74E4-3DEC-B907-F695427C9792} = {A1DB0B77-74E4-3DEC-B907-F695427C9792}
		{4471E752-3393-3038-9834-69384C0D40A2} = {4471E752-3393-3038-9834-69384C0D40A2}
		{041EA222-2FF9-352B-82C0-6C58B908E275} = {041EA222-2FF9-352B-82C0-6C58B908E275}
		{65B843C3-1656-3A06-AC8F-4875EB514874} = {65B843C3-1656-3A06-AC8F-4875EB514874}
	EndProjectSection
EndProject
Project("{8BC9CEB8-8B4A-11D0-8D11-00A0C91BC942}") = "ZERO_CHECK", "ZERO_CHECK.vcxproj", "{1E15B593-6149-3ED6-9310-CC8C8F0A8E40}"
EndProject
Project("{8BC9CEB8-8B4A-11D0-8D11-00A0C91BC942}") = "common", "util\common.vcxproj", "{9E41A94A-B13A-3C62-A06B-E8C813D916BD}"
	ProjectSection(ProjectDependencies) = postProject
		{1E15B593-6149-3ED6-9310-CC8C8F0A8E40} = {1E15B593-6149-3ED6-9310-CC8C8F0A8E40}
	EndProjectSection
EndProject
Project("{8BC9CEB8-8B4A-11D0-8D11-00A0C91BC942}") = "dbg", "dbg\dbg.vcxproj", "{F64E92AB-25D2-314A-93C6-19E069B9694E}"
	ProjectSection(ProjectDependencies) = postProject
		{1E15B593-6149-3ED6-9310-CC8C8F0A8E40} = {1E15B593-6149-3ED6-9310-CC8C8F0A8E40}
	EndProjectSection
EndProject
Project("{8BC9CEB8-8B4A-11D0-8D11-00A0C91BC942}") = "driver", "driver\driver.vcxproj", "{A8606DC3-118F-3366-8862-C9AD720794AF}"
	ProjectSection(ProjectDependencies) = postProject
		{1E15B593-6149-3ED6-9310-CC8C8F0A8E40} = {1E15B593-6149-3ED6-9310-CC8C8F0A8E40}
	EndProjectSection
EndProject
Project("{8BC9CEB8-8B4A-11D0-8D11-00A0C91BC942}") = "example", "examples\example.vcxproj", "{79F50E6D-7086-33C9-BAC4-569C20619D26}"
	ProjectSection(ProjectDependencies) = postProject
		{1E15B593-6149-3ED6-9310-CC8C8F0A8E40} = {1E15B593-6149-3ED6-9310-CC8C8F0A8E40}
	EndProjectSection
EndProject
Project("{8BC9CEB8-8B4A-11D0-8D11-00A0C91BC942}") = "gflags", "external\google-flags32\gflags.vcxproj", "{7C207E2E-7DE6-3062-98F0-60CDD3F9A87C}"
	ProjectSection(ProjectDependencies) = postProject
		{1E15B593-6149-3ED6-9310-CC8C8F0A8E40} = {1E15B593-6149-3ED6-9310-CC8C8F0A8E40}
	EndProjectSection
EndProject
Project("{8BC9CEB8-8B4A-11D0-8D11-00A0C91BC942}") = "glog", "external\google-logging32\glog.vcxproj", "{C53AD2F9-8D30-30D2-A272-5A3B5DABA963}"
	ProjectSection(ProjectDependencies) = postProject
		{1E15B593-6149-3ED6-9310-CC8C8F0A8E40} = {1E15B593-6149-3ED6-9310-CC8C8F0A8E40}
	EndProjectSection
EndProject
Project("{8BC9CEB8-8B4A-11D0-8D11-00A0C91BC942}") = "kernel", "kernel\kernel.vcxproj", "{ACBCAA79-14D1-3BF8-8857-E09F45B6855D}"
	ProjectSection(ProjectDependencies) = postProject
		{1E15B593-6149-3ED6-9310-CC8C8F0A8E40} = {1E15B593-6149-3ED6-9310-CC8C8F0A8E40}
	EndProjectSection
EndProject
Project("{8BC9CEB8-8B4A-11D0-8D11-00A0C91BC942}") = "maiter", "examples\maiter.vcxproj", "{4717969F-47D4-3E7E-A1D1-03503DEF0835}"
	ProjectSection(ProjectDependencies) = postProject
		{1E15B593-6149-3ED6-9310-CC8C8F0A8E40} = {1E15B593-6149-3ED6-9310-CC8C8F0A8E40}
		{9E41A94A-B13A-3C62-A06B-E8C813D916BD} = {9E41A94A-B13A-3C62-A06B-E8C813D916BD}
		{F64E92AB-25D2-314A-93C6-19E069B9694E} = {F64E92AB-25D2-314A-93C6-19E069B9694E}
		{A8606DC3-118F-3366-8862-C9AD720794AF} = {A8606DC3-118F-3366-8862-C9AD720794AF}
		{79F50E6D-7086-33C9-BAC4-569C20619D26} = {79F50E6D-7086-33C9-BAC4-569C20619D26}
		{7C207E2E-7DE6-3062-98F0-60CDD3F9A87C} = {7C207E2E-7DE6-3062-98F0-60CDD3F9A87C}
		{C53AD2F9-8D30-30D2-A272-5A3B5DABA963} = {C53AD2F9-8D30-30D2-A272-5A3B5DABA963}
		{ACBCAA79-14D1-3BF8-8857-E09F45B6855D} = {ACBCAA79-14D1-3BF8-8857-E09F45B6855D}
		{624B8CD9-872C-31A8-B126-923431D1BF1B} = {624B8CD9-872C-31A8-B126-923431D1BF1B}
		{39F43292-D09C-3392-90F6-4FE0FFD56807} = {39F43292-D09C-3392-90F6-4FE0FFD56807}
		{A1DB0B77-74E4-3DEC-B907-F695427C9792} = {A1DB0B77-74E4-3DEC-B907-F695427C9792}
		{4471E752-3393-3038-9834-69384C0D40A2} = {4471E752-3393-3038-9834-69384C0D40A2}
		{041EA222-2FF9-352B-82C0-6C58B908E275} = {041EA222-2FF9-352B-82C0-6C58B908E275}
		{65B843C3-1656-3A06-AC8F-4875EB514874} = {65B843C3-1656-3A06-AC8F-4875EB514874}
	EndProjectSection
EndProject
Project("{8BC9CEB8-8B4A-11D0-8D11-00A0C91BC942}") = "master", "master\master.vcxproj", "{624B8CD9-872C-31A8-B126-923431D1BF1B}"
	ProjectSection(ProjectDependencies) = postProject
		{1E15B593-6149-3ED6-9310-CC8C8F0A8E40} = {1E15B593-6149-3ED6-9310-CC8C8F0A8E40}
		{39F43292-D09C-3392-90F6-4FE0FFD56807} = {39F43292-D09C-3392-90F6-4FE0FFD56807}
	EndProjectSection
EndProject
Project("{8BC9CEB8-8B4A-11D0-8D11-00A0C91BC942}") = "msg", "msg\msg.vcxproj", "{39F43292-D09C-3392-90F6-4FE0FFD56807}"
	ProjectSection(ProjectDependencies) = postProject
		{1E15B593-6149-3ED6-9310-CC8C8F0A8E40} = {1E15B593-6149-3ED6-9310-CC8C8F0A8E40}
	EndProjectSection
EndProject
Project("{8BC9CEB8-8B4A-11D0-8D11-00A0C91BC942}") = "net", "net\net.vcxproj", "{A1DB0B77-74E4-3DEC-B907-F695427C9792}"
	ProjectSection(ProjectDependencies) = postProject
		{1E15B593-6149-3ED6-9310-CC8C8F0A8E40} = {1E15B593-6149-3ED6-9310-CC8C8F0A8E40}
	EndProjectSection
EndProject
Project("{8BC9CEB8-8B4A-11D0-8D11-00A0C91BC942}") = "table", "table\table.vcxproj", "{4471E752-3393-3038-9834-69384C0D40A2}"
	ProjectSection(ProjectDependencies) = postProject
		{1E15B593-6149-3ED6-9310-CC8C8F0A8E40} = {1E15B593-6149-3ED6-9310-CC8C8F0A8E40}
	EndProjectSection
EndProject
Project("{8BC9CEB8-8B4A-11D0-8D11-00A0C91BC942}") = "webgraph", "external\webgraph\webgraph.vcxproj", "{041EA222-2FF9-352B-82C0-6C58B908E275}"
	ProjectSection(ProjectDependencies) = postProject
		{1E15B593-6149-3ED6-9310-CC8C8F0A8E40} = {1E15B593-6149-3ED6-9310-CC8C8F0A8E40}
	EndProjectSection
EndProject
Project("{8BC9CEB8-8B4A-11D0-8D11-00A0C91BC942}") = "worker", "worker\worker.vcxproj", "{65B843C3-1656-3A06-AC8F-4875EB514874}"
	ProjectSection(ProjectDependencies) = postProject
		{1E15B593-6149-3ED6-9310-CC8C8F0A8E40} = {1E15B593-6149-3ED6-9310-CC8C8F0A8E40}
		{39F43292-D09C-3392-90F6-4FE0FFD56807} = {39F43292-D09C-3392-90F6-4FE0FFD56807}
	EndProjectSection
EndProject
Global
	GlobalSection(SolutionConfigurationPlatforms) = preSolution
		Debug|Win32 = Debug|Win32
		MinSizeRel|Win32 = MinSizeRel|Win32
		Release|Win32 = Release|Win32
		RelWithDebInfo|Win32 = RelWithDebInfo|Win32
	EndGlobalSection
	GlobalSection(ProjectConfigurationPlatforms) = postSolution
		{5264C8DD-BFC8-337A-A3CC-E7928B6D8F68}.Debug|Win32.ActiveCfg = Debug|Win32
		{5264C8DD-BFC8-337A-A3CC-E7928B6D8F68}.MinSizeRel|Win32.ActiveCfg = MinSizeRel|Win32
		{5264C8DD-BFC8-337A-A3CC-E7928B6D8F68}.Release|Win32.ActiveCfg = Release|Win32
		{5264C8DD-BFC8-337A-A3CC-E7928B6D8F68}.RelWithDebInfo|Win32.ActiveCfg = RelWithDebInfo|Win32
		{1E15B593-6149-3ED6-9310-CC8C8F0A8E40}.Debug|Win32.ActiveCfg = Debug|Win32
		{1E15B593-6149-3ED6-9310-CC8C8F0A8E40}.Debug|Win32.Build.0 = Debug|Win32
		{1E15B593-6149-3ED6-9310-CC8C8F0A8E40}.MinSizeRel|Win32.ActiveCfg = MinSizeRel|Win32
		{1E15B593-6149-3ED6-9310-CC8C8F0A8E40}.MinSizeRel|Win32.Build.0 = MinSizeRel|Win32
		{1E15B593-6149-3ED6-9310-CC8C8F0A8E40}.Release|Win32.ActiveCfg = Release|Win32
		{1E15B593-6149-3ED6-9310-CC8C8F0A8E40}.Release|Win32.Build.0 = Release|Win32
		{1E15B593-6149-3ED6-9310-CC8C8F0A8E40}.RelWithDebInfo|Win32.ActiveCfg = RelWithDebInfo|Win32
		{1E15B593-6149-3ED6-9310-CC8C8F0A8E40}.RelWithDebInfo|Win32.Build.0 = RelWithDebInfo|Win32
		{9E41A94A-B13A-3C62-A06B-E8C813D916BD}.Debug|Win32.ActiveCfg = Debug|Win32
		{9E41A94A-B13A-3C62-A06B-E8C813D916BD}.Debug|Win32.Build.0 = Debug|Win32
		{9E41A94A-B13A-3C62-A06B-E8C813D916BD}.MinSizeRel|Win32.ActiveCfg = MinSizeRel|Win32
		{9E41A94A-B13A-3C62-A06B-E8C813D916BD}.MinSizeRel|Win32.Build.0 = MinSizeRel|Win32
		{9E41A94A-B13A-3C62-A06B-E8C813D916BD}.Release|Win32.ActiveCfg = Release|Win32
		{9E41A94A-B13A-3C62-A06B-E8C813D916BD}.Release|Win32.Build.0 = Release|Win32
		{9E41A94A-B13A-3C62-A06B-E8C813D916BD}.RelWithDebInfo|Win32.ActiveCfg = RelWithDebInfo|Win32
		{9E41A94A-B13A-3C62-A06B-E8C813D916BD}.RelWithDebInfo|Win32.Build.0 = RelWithDebInfo|Win32
		{F64E92AB-25D2-314A-93C6-19E069B9694E}.Debug|Win32.ActiveCfg = Debug|Win32
		{F64E92AB-25D2-314A-93C6-19E069B9694E}.Debug|Win32.Build.0 = Debug|Win32
		{F64E92AB-25D2-314A-93C6-19E069B9694E}.MinSizeRel|Win32.ActiveCfg = MinSizeRel|Win32
		{F64E92AB-25D2-314A-93C6-19E069B9694E}.MinSizeRel|Win32.Build.0 = MinSizeRel|Win32
		{F64E92AB-25D2-314A-93C6-19E069B9694E}.Release|Win32.ActiveCfg = Release|Win32
		{F64E92AB-25D2-314A-93C6-19E069B9694E}.Release|Win32.Build.0 = Release|Win32
		{F64E92AB-25D2-314A-93C6-19E069B9694E}.RelWithDebInfo|Win32.ActiveCfg = RelWithDebInfo|Win32
		{F64E92AB-25D2-314A-93C6-19E069B9694E}.RelWithDebInfo|Win32.Build.0 = RelWithDebInfo|Win32
		{A8606DC3-118F-3366-8862-C9AD720794AF}.Debug|Win32.ActiveCfg = Debug|Win32
		{A8606DC3-118F-3366-8862-C9AD720794AF}.Debug|Win32.Build.0 = Debug|Win32
		{A8606DC3-118F-3366-8862-C9AD720794AF}.MinSizeRel|Win32.ActiveCfg = MinSizeRel|Win32
		{A8606DC3-118F-3366-8862-C9AD720794AF}.MinSizeRel|Win32.Build.0 = MinSizeRel|Win32
		{A8606DC3-118F-3366-8862-C9AD720794AF}.Release|Win32.ActiveCfg = Release|Win32
		{A8606DC3-118F-3366-8862-C9AD720794AF}.Release|Win32.Build.0 = Release|Win32
		{A8606DC3-118F-3366-8862-C9AD720794AF}.RelWithDebInfo|Win32.ActiveCfg = RelWithDebInfo|Win32
		{A8606DC3-118F-3366-8862-C9AD720794AF}.RelWithDebInfo|Win32.Build.0 = RelWithDebInfo|Win32
		{79F50E6D-7086-33C9-BAC4-569C20619D26}.Debug|Win32.ActiveCfg = Debug|Win32
		{79F50E6D-7086-33C9-BAC4-569C20619D26}.Debug|Win32.Build.0 = Debug|Win32
		{79F50E6D-7086-33C9-BAC4-569C20619D26}.MinSizeRel|Win32.ActiveCfg = MinSizeRel|Win32
		{79F50E6D-7086-33C9-BAC4-569C20619D26}.MinSizeRel|Win32.Build.0 = MinSizeRel|Win32
		{79F50E6D-7086-33C9-BAC4-569C20619D26}.Release|Win32.ActiveCfg = Release|Win32
		{79F50E6D-7086-33C9-BAC4-569C20619D26}.Release|Win32.Build.0 = Release|Win32
		{79F50E6D-7086-33C9-BAC4-569C20619D26}.RelWithDebInfo|Win32.ActiveCfg = RelWithDebInfo|Win32
		{79F50E6D-7086-33C9-BAC4-569C20619D26}.RelWithDebInfo|Win32.Build.0 = RelWithDebInfo|Win32
		{7C207E2E-7DE6-3062-98F0-60CDD3F9A87C}.Debug|Win32.ActiveCfg = Debug|Win32
		{7C207E2E-7DE6-3062-98F0-60CDD3F9A87C}.Debug|Win32.Build.0 = Debug|Win32
		{7C207E2E-7DE6-3062-98F0-60CDD3F9A87C}.MinSizeRel|Win32.ActiveCfg = MinSizeRel|Win32
		{7C207E2E-7DE6-3062-98F0-60CDD3F9A87C}.MinSizeRel|Win32.Build.0 = MinSizeRel|Win32
		{7C207E2E-7DE6-3062-98F0-60CDD3F9A87C}.Release|Win32.ActiveCfg = Release|Win32
		{7C207E2E-7DE6-3062-98F0-60CDD3F9A87C}.Release|Win32.Build.0 = Release|Win32
		{7C207E2E-7DE6-3062-98F0-60CDD3F9A87C}.RelWithDebInfo|Win32.ActiveCfg = RelWithDebInfo|Win32
		{7C207E2E-7DE6-3062-98F0-60CDD3F9A87C}.RelWithDebInfo|Win32.Build.0 = RelWithDebInfo|Win32
		{C53AD2F9-8D30-30D2-A272-5A3B5DABA963}.Debug|Win32.ActiveCfg = Debug|Win32
		{C53AD2F9-8D30-30D2-A272-5A3B5DABA963}.Debug|Win32.Build.0 = Debug|Win32
		{C53AD2F9-8D30-30D2-A272-5A3B5DABA963}.MinSizeRel|Win32.ActiveCfg = MinSizeRel|Win32
		{C53AD2F9-8D30-30D2-A272-5A3B5DABA963}.MinSizeRel|Win32.Build.0 = MinSizeRel|Win32
		{C53AD2F9-8D30-30D2-A272-5A3B5DABA963}.Release|Win32.ActiveCfg = Release|Win32
		{C53AD2F9-8D30-30D2-A272-5A3B5DABA963}.Release|Win32.Build.0 = Release|Win32
		{C53AD2F9-8D30-30D2-A272-5A3B5DABA963}.RelWithDebInfo|Win32.ActiveCfg = RelWithDebInfo|Win32
		{C53AD2F9-8D30-30D2-A272-5A3B5DABA963}.RelWithDebInfo|Win32.Build.0 = RelWithDebInfo|Win32
		{ACBCAA79-14D1-3BF8-8857-E09F45B6855D}.Debug|Win32.ActiveCfg = Debug|Win32
		{ACBCAA79-14D1-3BF8-8857-E09F45B6855D}.Debug|Win32.Build.0 = Debug|Win32
		{ACBCAA79-14D1-3BF8-8857-E09F45B6855D}.MinSizeRel|Win32.ActiveCfg = MinSizeRel|Win32
		{ACBCAA79-14D1-3BF8-8857-E09F45B6855D}.MinSizeRel|Win32.Build.0 = MinSizeRel|Win32
		{ACBCAA79-14D1-3BF8-8857-E09F45B6855D}.Release|Win32.ActiveCfg = Release|Win32
		{ACBCAA79-14D1-3BF8-8857-E09F45B6855D}.Release|Win32.Build.0 = Release|Win32
		{ACBCAA79-14D1-3BF8-8857-E09F45B6855D}.RelWithDebInfo|Win32.ActiveCfg = RelWithDebInfo|Win32
		{ACBCAA79-14D1-3BF8-8857-E09F45B6855D}.RelWithDebInfo|Win32.Build.0 = RelWithDebInfo|Win32
		{4717969F-47D4-3E7E-A1D1-03503DEF0835}.Debug|Win32.ActiveCfg = Debug|Win32
		{4717969F-47D4-3E7E-A1D1-03503DEF0835}.Debug|Win32.Build.0 = Debug|Win32
		{4717969F-47D4-3E7E-A1D1-03503DEF0835}.MinSizeRel|Win32.ActiveCfg = MinSizeRel|Win32
		{4717969F-47D4-3E7E-A1D1-03503DEF0835}.MinSizeRel|Win32.Build.0 = MinSizeRel|Win32
		{4717969F-47D4-3E7E-A1D1-03503DEF0835}.Release|Win32.ActiveCfg = Release|Win32
		{4717969F-47D4-3E7E-A1D1-03503DEF0835}.Release|Win32.Build.0 = Release|Win32
		{4717969F-47D4-3E7E-A1D1-03503DEF0835}.RelWithDebInfo|Win32.ActiveCfg = RelWithDebInfo|Win32
		{4717969F-47D4-3E7E-A1D1-03503DEF0835}.RelWithDebInfo|Win32.Build.0 = RelWithDebInfo|Win32
		{624B8CD9-872C-31A8-B126-923431D1BF1B}.Debug|Win32.ActiveCfg = Debug|Win32
		{624B8CD9-872C-31A8-B126-923431D1BF1B}.Debug|Win32.Build.0 = Debug|Win32
		{624B8CD9-872C-31A8-B126-923431D1BF1B}.MinSizeRel|Win32.ActiveCfg = MinSizeRel|Win32
		{624B8CD9-872C-31A8-B126-923431D1BF1B}.MinSizeRel|Win32.Build.0 = MinSizeRel|Win32
		{624B8CD9-872C-31A8-B126-923431D1BF1B}.Release|Win32.ActiveCfg = Release|Win32
		{624B8CD9-872C-31A8-B126-923431D1BF1B}.Release|Win32.Build.0 = Release|Win32
		{624B8CD9-872C-31A8-B126-923431D1BF1B}.RelWithDebInfo|Win32.ActiveCfg = RelWithDebInfo|Win32
		{624B8CD9-872C-31A8-B126-923431D1BF1B}.RelWithDebInfo|Win32.Build.0 = RelWithDebInfo|Win32
		{39F43292-D09C-3392-90F6-4FE0FFD56807}.Debug|Win32.ActiveCfg = Debug|Win32
		{39F43292-D09C-3392-90F6-4FE0FFD56807}.Debug|Win32.Build.0 = Debug|Win32
		{39F43292-D09C-3392-90F6-4FE0FFD56807}.MinSizeRel|Win32.ActiveCfg = MinSizeRel|Win32
		{39F43292-D09C-3392-90F6-4FE0FFD56807}.MinSizeRel|Win32.Build.0 = MinSizeRel|Win32
		{39F43292-D09C-3392-90F6-4FE0FFD56807}.Release|Win32.ActiveCfg = Release|Win32
		{39F43292-D09C-3392-90F6-4FE0FFD56807}.Release|Win32.Build.0 = Release|Win32
		{39F43292-D09C-3392-90F6-4FE0FFD56807}.RelWithDebInfo|Win32.ActiveCfg = RelWithDebInfo|Win32
		{39F43292-D09C-3392-90F6-4FE0FFD56807}.RelWithDebInfo|Win32.Build.0 = RelWithDebInfo|Win32
		{A1DB0B77-74E4-3DEC-B907-F695427C9792}.Debug|Win32.ActiveCfg = Debug|Win32
		{A1DB0B77-74E4-3DEC-B907-F695427C9792}.Debug|Win32.Build.0 = Debug|Win32
		{A1DB0B77-74E4-3DEC-B907-F695427C9792}.MinSizeRel|Win32.ActiveCfg = MinSizeRel|Win32
		{A1DB0B77-74E4-3DEC-B907-F695427C9792}.MinSizeRel|Win32.Build.0 = MinSizeRel|Win32
		{A1DB0B77-74E4-3DEC-B907-F695427C9792}.Release|Win32.ActiveCfg = Release|Win32
		{A1DB0B77-74E4-3DEC-B907-F695427C9792}.Release|Win32.Build.0 = Release|Win32
		{A1DB0B77-74E4-3DEC-B907-F695427C9792}.RelWithDebInfo|Win32.ActiveCfg = RelWithDebInfo|Win32
		{A1DB0B77-74E4-3DEC-B907-F695427C9792}.RelWithDebInfo|Win32.Build.0 = RelWithDebInfo|Win32
		{4471E752-3393-3038-9834-69384C0D40A2}.Debug|Win32.ActiveCfg = Debug|Win32
		{4471E752-3393-3038-9834-69384C0D40A2}.Debug|Win32.Build.0 = Debug|Win32
		{4471E752-3393-3038-9834-69384C0D40A2}.MinSizeRel|Win32.ActiveCfg = MinSizeRel|Win32
		{4471E752-3393-3038-9834-69384C0D40A2}.MinSizeRel|Win32.Build.0 = MinSizeRel|Win32
		{4471E752-3393-3038-9834-69384C0D40A2}.Release|Win32.ActiveCfg = Release|Win32
		{4471E752-3393-3038-9834-69384C0D40A2}.Release|Win32.Build.0 = Release|Win32
		{4471E752-3393-3038-9834-69384C0D40A2}.RelWithDebInfo|Win32.ActiveCfg = RelWithDebInfo|Win32
		{4471E752-3393-3038-9834-69384C0D40A2}.RelWithDebInfo|Win32.Build.0 = RelWithDebInfo|Win32
		{041EA222-2FF9-352B-82C0-6C58B908E275}.Debug|Win32.ActiveCfg = Debug|Win32
		{041EA222-2FF9-352B-82C0-6C58B908E275}.Debug|Win32.Build.0 = Debug|Win32
		{041EA222-2FF9-352B-82C0-6C58B908E275}.MinSizeRel|Win32.ActiveCfg = MinSizeRel|Win32
		{041EA222-2FF9-352B-82C0-6C58B908E275}.MinSizeRel|Win32.Build.0 = MinSizeRel|Win32
		{041EA222-2FF9-352B-82C0-6C58B908E275}.Release|Win32.ActiveCfg = Release|Win32
		{041EA222-2FF9-352B-82C0-6C58B908E275}.Release|Win32.Build.0 = Release|Win32
		{041EA222-2FF9-352B-82C0-6C58B908E275}.RelWithDebInfo|Win32.ActiveCfg = RelWithDebInfo|Win32
		{041EA222-2FF9-352B-82C0-6C58B908E275}.RelWithDebInfo|Win32.Build.0 = RelWithDebInfo|Win32
		{65B843C3-1656-3A06-AC8F-4875EB514874}.Debug|Win32.ActiveCfg = Debug|Win32
		{65B843C3-1656-3A06-AC8F-4875EB514874}.Debug|Win32.Build.0 = Debug|Win32
		{65B843C3-1656-3A06-AC8F-4875EB514874}.MinSizeRel|Win32.ActiveCfg = MinSizeRel|Win32
		{65B843C3-1656-3A06-AC8F-4875EB514874}.MinSizeRel|Win32.Build.0 = MinSizeRel|Win32
		{65B843C3-1656-3A06-AC8F-4875EB514874}.Release|Win32.ActiveCfg = Release|Win32
		{65B843C3-1656-3A06-AC8F-4875EB514874}.Release|Win32.Build.0 = Release|Win32
		{65B843C3-1656-3A06-AC8F-4875EB514874}.RelWithDebInfo|Win32.ActiveCfg = RelWithDebInfo|Win32
		{65B843C3-1656-3A06-AC8F-4875EB514874}.RelWithDebInfo|Win32.Build.0 = RelWithDebInfo|Win32
	EndGlobalSection
	GlobalSection(SolutionProperties) = preSolution
		HideSolutionNode = FALSE
	EndGlobalSection
EndGlobal
