<?xml version="1.0" encoding="UTF-8"?>
<Project ToolsVersion="14.0" xmlns="http://schemas.microsoft.com/developer/msbuild/2003">
  <ItemGroup>
    <CustomBuild Include="E:\Programs\eclipse\maiter\src\CMakeFiles\287d8ca922ba7d6116a2dfe84fa5507d\generate.stamp.rule">
      <Filter>CMake Rules</Filter>
    </CustomBuild>
  </ItemGroup>
  <ItemGroup>
    <Filter Include="CMake Rules">
      <UniqueIdentifier>{5BE5C0E0-D7F5-39AB-837A-6FC57D77A012}</UniqueIdentifier>
    </Filter>
  </ItemGroup>
</Project>
